
Microsoft Visual Studio Solution File, Format Version 12.00
# Visual Studio Version 17
VisualStudioVersion = 17.8.34330.188
MinimumVisualStudioVersion = 10.0.40219.1
Project("{9A19103F-16F7-4668-BE54-9A1E7A4F7556}") = "PracticeOne", "PracticeOne.csproj", "{FD755A06-3047-4971-80A1-1C743E91CEF4}"
EndProject
Global
	GlobalSection(SolutionConfigurationPlatforms) = preSolution
		Debug|Any CPU = Debug|Any CPU
		Release|Any CPU = Release|Any CPU
	EndGlobalSection
	GlobalSection(ProjectConfigurationPlatforms) = postSolution
		{FD755A06-3047-4971-80A1-1C743E91CEF4}.Debug|Any CPU.ActiveCfg = Debug|Any CPU
		{FD755A06-3047-4971-80A1-1C743E91CEF4}.Debug|Any CPU.Build.0 = Debug|Any CPU
		{FD755A06-3047-4971-80A1-1C743E91CEF4}.Release|Any CPU.ActiveCfg = Release|Any CPU
		{FD755A06-3047-4971-80A1-1C743E91CEF4}.Release|Any CPU.Build.0 = Release|Any CPU
	EndGlobalSection
	GlobalSection(SolutionProperties) = preSolution
		HideSolutionNode = FALSE
	EndGlobalSection
	GlobalSection(ExtensibilityGlobals) = postSolution
		SolutionGuid = {58014CA2-9897-4B66-AA10-86890C3AA276}
	EndGlobalSection
EndGlobal
